{
  "version": 4,
  "terraform_version": "1.14.1",
  "serial": 112,
  "lineage": "2aa16742-2d18-f422-0a65-ebbf39cfa79a",
  "outputs": {
    "created_at": {
      "value": "2025-12-10T07:00:20Z",
      "type": "string"
    },
    "hosts": {
      "value": [
        {
          "assign_public_ip": false,
          "health": "ALIVE",
          "name": "rc1a-dkm3iqaa98v5nha1.mdb.yandexcloud.net",
          "role": "KRAFT",
          "subnet_id": "e9boog9f4rpaia540sg6",
          "zone_id": "ru-central1-a"
        },
        {
          "assign_public_ip": false,
          "health": "ALIVE",
          "name": "rc1b-fkf046tjkgn0hm0c.mdb.yandexcloud.net",
          "role": "KRAFT",
          "subnet_id": "e2lrffaiftnnb9htj96s",
          "zone_id": "ru-central1-b"
        },
        {
          "assign_public_ip": false,
          "health": "ALIVE",
          "name": "rc1d-tcq6br9s6hqsvm31.mdb.yandexcloud.net",
          "role": "KRAFT",
          "subnet_id": "fl8k5qjrsm9scb4bqup0",
          "zone_id": "ru-central1-d"
        },
        {
          "assign_public_ip": true,
          "health": "ALIVE",
          "name": "rc1a-b3q1bldvbed6jut7.mdb.yandexcloud.net",
          "role": "KAFKA",
          "subnet_id": "e9boog9f4rpaia540sg6",
          "zone_id": "ru-central1-a"
        },
        {
          "assign_public_ip": true,
          "health": "ALIVE",
          "name": "rc1b-gcsvvf5c7inos250.mdb.yandexcloud.net",
          "role": "KAFKA",
          "subnet_id": "e2lrffaiftnnb9htj96s",
          "zone_id": "ru-central1-b"
        },
        {
          "assign_public_ip": true,
          "health": "ALIVE",
          "name": "rc1d-g758v4bbauofgqa1.mdb.yandexcloud.net",
          "role": "KAFKA",
          "subnet_id": "fl8k5qjrsm9scb4bqup0",
          "zone_id": "ru-central1-d"
        }
      ],
      "type": [
        "set",
        [
          "object",
          {
            "assign_public_ip": "bool",
            "health": "string",
            "name": "string",
            "role": "string",
            "subnet_id": "string",
            "zone_id": "string"
          }
        ]
      ]
    },
    "kafka_cluster_id": {
      "value": "c9qlhbaj3fucombeh0q5",
      "type": "string"
    },
    "kafka_topic_ids": {
      "value": [
        "c9qlhbaj3fucombeh0q5:test-topic"
      ],
      "type": [
        "tuple",
        [
          "string"
        ]
      ]
    },
    "kafka_user_ids": {
      "value": [],
      "type": [
        "tuple",
        []
      ]
    }
  },
  "resources": [
    {
      "mode": "managed",
      "type": "yandex_mdb_kafka_cluster",
      "name": "kafka_cluster",
      "provider": "provider[\"registry.terraform.io/yandex-cloud/yandex\"]",
      "instances": [
        {
          "schema_version": 0,
          "attributes": {
            "config": [
              {
                "access": [
                  {
                    "data_transfer": false
                  }
                ],
                "assign_public_ip": true,
                "brokers_count": 1,
                "disk_size_autoscaling": [],
                "kafka": [
                  {
                    "kafka_config": [
                      {
                        "auto_create_topics_enable": false,
                        "compression_type": "",
                        "default_replication_factor": "",
                        "log_flush_interval_messages": "",
                        "log_flush_interval_ms": "",
                        "log_flush_scheduler_interval_ms": "",
                        "log_preallocate": false,
                        "log_retention_bytes": "",
                        "log_retention_hours": "",
                        "log_retention_minutes": "",
                        "log_retention_ms": "",
                        "log_segment_bytes": "",
                        "message_max_bytes": "",
                        "num_partitions": "",
                        "offsets_retention_minutes": "",
                        "replica_fetch_max_bytes": "2097152",
                        "sasl_enabled_mechanisms": [],
                        "socket_receive_buffer_bytes": "",
                        "socket_send_buffer_bytes": "",
                        "ssl_cipher_suites": []
                      }
                    ],
                    "resources": [
                      {
                        "disk_size": 10,
                        "disk_type_id": "network-ssd",
                        "resource_preset_id": "s2.micro"
                      }
                    ]
                  }
                ],
                "kafka_ui": [
                  {
                    "enabled": true
                  }
                ],
                "kraft": [
                  {
                    "resources": [
                      {
                        "disk_size": 10,
                        "disk_type_id": "network-ssd",
                        "resource_preset_id": "s2.micro"
                      }
                    ]
                  }
                ],
                "patch_version": "3.9.1",
                "rest_api": [
                  {
                    "enabled": true
                  }
                ],
                "schema_registry": true,
                "unmanaged_topics": false,
                "version": "3.9",
                "zones": [
                  "ru-central1-a",
                  "ru-central1-b",
                  "ru-central1-d"
                ],
                "zookeeper": []
              }
            ],
            "created_at": "2025-12-10T07:00:20Z",
            "deletion_protection": false,
            "description": "",
            "disk_encryption_key_id": null,
            "environment": "PRESTABLE",
            "folder_id": "b1gvhum03jckmf6t5cnu",
            "health": "ALIVE",
            "host": [
              {
                "assign_public_ip": false,
                "health": "ALIVE",
                "name": "rc1a-dkm3iqaa98v5nha1.mdb.yandexcloud.net",
                "role": "KRAFT",
                "subnet_id": "e9boog9f4rpaia540sg6",
                "zone_id": "ru-central1-a"
              },
              {
                "assign_public_ip": false,
                "health": "ALIVE",
                "name": "rc1b-fkf046tjkgn0hm0c.mdb.yandexcloud.net",
                "role": "KRAFT",
                "subnet_id": "e2lrffaiftnnb9htj96s",
                "zone_id": "ru-central1-b"
              },
              {
                "assign_public_ip": false,
                "health": "ALIVE",
                "name": "rc1d-tcq6br9s6hqsvm31.mdb.yandexcloud.net",
                "role": "KRAFT",
                "subnet_id": "fl8k5qjrsm9scb4bqup0",
                "zone_id": "ru-central1-d"
              },
              {
                "assign_public_ip": true,
                "health": "ALIVE",
                "name": "rc1a-b3q1bldvbed6jut7.mdb.yandexcloud.net",
                "role": "KAFKA",
                "subnet_id": "e9boog9f4rpaia540sg6",
                "zone_id": "ru-central1-a"
              },
              {
                "assign_public_ip": true,
                "health": "ALIVE",
                "name": "rc1b-gcsvvf5c7inos250.mdb.yandexcloud.net",
                "role": "KAFKA",
                "subnet_id": "e2lrffaiftnnb9htj96s",
                "zone_id": "ru-central1-b"
              },
              {
                "assign_public_ip": true,
                "health": "ALIVE",
                "name": "rc1d-g758v4bbauofgqa1.mdb.yandexcloud.net",
                "role": "KAFKA",
                "subnet_id": "fl8k5qjrsm9scb4bqup0",
                "zone_id": "ru-central1-d"
              }
            ],
            "host_group_ids": [],
            "id": "c9qlhbaj3fucombeh0q5",
            "labels": {},
            "maintenance_window": [
              {
                "day": "",
                "hour": 0,
                "type": "ANYTIME"
              }
            ],
            "name": "my-kafka-cluster",
            "network_id": "enp3i3262a9mhpjljnv7",
            "security_group_ids": [],
            "status": "RUNNING",
            "subnet_ids": [
              "e9boog9f4rpaia540sg6",
              "e2lrffaiftnnb9htj96s",
              "fl8k5qjrsm9scb4bqup0"
            ],
            "timeouts": null,
            "topic": [],
            "user": []
          },
          "sensitive_attributes": [],
          "identity_schema_version": 0,
          "private": "eyJlMmJmYjczMC1lY2FhLTExZTYtOGY4OC0zNDM2M2JjN2M0YzAiOnsiY3JlYXRlIjozNjAwMDAwMDAwMDAwLCJkZWxldGUiOjM2MDAwMDAwMDAwMDAsInJlYWQiOjMwMDAwMDAwMDAwMCwidXBkYXRlIjozNjAwMDAwMDAwMDAwfX0=",
          "dependencies": [
            "yandex_vpc_network.kafka_network",
            "yandex_vpc_subnet.kafka_subnets"
          ]
        }
      ]
    },
    {
      "mode": "managed",
      "type": "yandex_mdb_kafka_topic",
      "name": "kafka_topic",
      "provider": "provider[\"registry.terraform.io/yandex-cloud/yandex\"]",
      "instances": [
        {
          "index_key": "test-topic",
          "schema_version": 0,
          "attributes": {
            "cluster_id": "c9qlhbaj3fucombeh0q5",
            "id": "c9qlhbaj3fucombeh0q5:test-topic",
            "name": "test-topic",
            "partitions": 3,
            "replication_factor": 3,
            "timeouts": null,
            "topic_config": [
              {
                "cleanup_policy": "CLEANUP_POLICY_COMPACT_AND_DELETE",
                "compression_type": "COMPRESSION_TYPE_LZ4",
                "delete_retention_ms": "86400000",
                "file_delete_delay_ms": "60000",
                "flush_messages": "9223372036854775807",
                "flush_ms": "9223372036854775807",
                "max_message_bytes": "2097152",
                "min_compaction_lag_ms": "0",
                "min_insync_replicas": "3",
                "preallocate": false,
                "retention_bytes": "2097152",
                "retention_ms": "86400000",
                "segment_bytes": "1073741824"
              }
            ]
          },
          "sensitive_attributes": [],
          "identity_schema_version": 0,
          "private": "eyJlMmJmYjczMC1lY2FhLTExZTYtOGY4OC0zNDM2M2JjN2M0YzAiOnsiY3JlYXRlIjo2MDAwMDAwMDAwMDAsImRlbGV0ZSI6NjAwMDAwMDAwMDAwLCJyZWFkIjo2MDAwMDAwMDAwMCwidXBkYXRlIjo2MDAwMDAwMDAwMDB9fQ==",
          "dependencies": [
            "yandex_mdb_kafka_cluster.kafka_cluster",
            "yandex_vpc_network.kafka_network",
            "yandex_vpc_subnet.kafka_subnets"
          ]
        }
      ]
    },
    {
      "mode": "managed",
      "type": "yandex_mdb_kafka_user",
      "name": "admin_user",
      "provider": "provider[\"registry.terraform.io/yandex-cloud/yandex\"]",
      "instances": [
        {
          "schema_version": 0,
          "attributes": {
            "cluster_id": "c9qlhbaj3fucombeh0q5",
            "id": "c9qlhbaj3fucombeh0q5:admin_user",
            "name": "admin_user",
            "password": "superpuperpass",
            "permission": [
              {
                "allow_hosts": [
                  "*"
                ],
                "role": "ACCESS_ROLE_ADMIN",
                "topic_name": "*"
              }
            ],
            "timeouts": null
          },
          "sensitive_attributes": [
            [
              {
                "type": "get_attr",
                "value": "password"
              }
            ]
          ],
          "identity_schema_version": 0,
          "private": "eyJlMmJmYjczMC1lY2FhLTExZTYtOGY4OC0zNDM2M2JjN2M0YzAiOnsiY3JlYXRlIjo2MDAwMDAwMDAwMDAsImRlbGV0ZSI6NjAwMDAwMDAwMDAwLCJyZWFkIjo2MDAwMDAwMDAwMCwidXBkYXRlIjo2MDAwMDAwMDAwMDB9fQ==",
          "dependencies": [
            "yandex_mdb_kafka_cluster.kafka_cluster",
            "yandex_vpc_network.kafka_network",
            "yandex_vpc_subnet.kafka_subnets"
          ]
        }
      ]
    },
    {
      "mode": "managed",
      "type": "yandex_vpc_network",
      "name": "kafka_network",
      "provider": "provider[\"registry.terraform.io/yandex-cloud/yandex\"]",
      "instances": [
        {
          "schema_version": 0,
          "attributes": {
            "created_at": "2025-12-10T07:00:15Z",
            "default_security_group_id": "enprl33vhqjr89nh15sa",
            "description": "Network for Kafka cluster my-kafka-cluster",
            "folder_id": "b1gvhum03jckmf6t5cnu",
            "id": "enp3i3262a9mhpjljnv7",
            "labels": {},
            "name": "kafka-network-my-kafka-cluster",
            "subnet_ids": [
              "e2lrffaiftnnb9htj96s",
              "e9boog9f4rpaia540sg6",
              "fl8k5qjrsm9scb4bqup0"
            ],
            "timeouts": null
          },
          "sensitive_attributes": [],
          "identity_schema_version": 0,
          "private": "eyJlMmJmYjczMC1lY2FhLTExZTYtOGY4OC0zNDM2M2JjN2M0YzAiOnsiY3JlYXRlIjo2MDAwMDAwMDAwMCwiZGVsZXRlIjo2MDAwMDAwMDAwMCwidXBkYXRlIjo2MDAwMDAwMDAwMH19"
        }
      ]
    },
    {
      "mode": "managed",
      "type": "yandex_vpc_subnet",
      "name": "kafka_subnets",
      "provider": "provider[\"registry.terraform.io/yandex-cloud/yandex\"]",
      "instances": [
        {
          "index_key": 0,
          "schema_version": 0,
          "attributes": {
            "created_at": "2025-12-10T07:00:19Z",
            "description": "",
            "dhcp_options": [],
            "folder_id": "b1gvhum03jckmf6t5cnu",
            "id": "e9boog9f4rpaia540sg6",
            "labels": {},
            "name": "kafka-subnet-my-kafka-cluster-ru-central1-a",
            "network_id": "enp3i3262a9mhpjljnv7",
            "route_table_id": "",
            "timeouts": null,
            "v4_cidr_blocks": [
              "10.10.10.0/24"
            ],
            "v6_cidr_blocks": [],
            "zone": "ru-central1-a"
          },
          "sensitive_attributes": [],
          "identity_schema_version": 0,
          "private": "eyJlMmJmYjczMC1lY2FhLTExZTYtOGY4OC0zNDM2M2JjN2M0YzAiOnsiY3JlYXRlIjoxODAwMDAwMDAwMDAsImRlbGV0ZSI6MTgwMDAwMDAwMDAwLCJ1cGRhdGUiOjE4MDAwMDAwMDAwMH19",
          "dependencies": [
            "yandex_vpc_network.kafka_network"
          ]
        },
        {
          "index_key": 1,
          "schema_version": 0,
          "attributes": {
            "created_at": "2025-12-10T07:00:18Z",
            "description": "",
            "dhcp_options": [],
            "folder_id": "b1gvhum03jckmf6t5cnu",
            "id": "e2lrffaiftnnb9htj96s",
            "labels": {},
            "name": "kafka-subnet-my-kafka-cluster-ru-central1-b",
            "network_id": "enp3i3262a9mhpjljnv7",
            "route_table_id": "",
            "timeouts": null,
            "v4_cidr_blocks": [
              "10.10.11.0/24"
            ],
            "v6_cidr_blocks": [],
            "zone": "ru-central1-b"
          },
          "sensitive_attributes": [],
          "identity_schema_version": 0,
          "private": "eyJlMmJmYjczMC1lY2FhLTExZTYtOGY4OC0zNDM2M2JjN2M0YzAiOnsiY3JlYXRlIjoxODAwMDAwMDAwMDAsImRlbGV0ZSI6MTgwMDAwMDAwMDAwLCJ1cGRhdGUiOjE4MDAwMDAwMDAwMH19",
          "dependencies": [
            "yandex_vpc_network.kafka_network"
          ]
        },
        {
          "index_key": 2,
          "schema_version": 0,
          "attributes": {
            "created_at": "2025-12-10T07:00:19Z",
            "description": "",
            "dhcp_options": [],
            "folder_id": "b1gvhum03jckmf6t5cnu",
            "id": "fl8k5qjrsm9scb4bqup0",
            "labels": {},
            "name": "kafka-subnet-my-kafka-cluster-ru-central1-d",
            "network_id": "enp3i3262a9mhpjljnv7",
            "route_table_id": "",
            "timeouts": null,
            "v4_cidr_blocks": [
              "10.10.12.0/24"
            ],
            "v6_cidr_blocks": [],
            "zone": "ru-central1-d"
          },
          "sensitive_attributes": [],
          "identity_schema_version": 0,
          "private": "eyJlMmJmYjczMC1lY2FhLTExZTYtOGY4OC0zNDM2M2JjN2M0YzAiOnsiY3JlYXRlIjoxODAwMDAwMDAwMDAsImRlbGV0ZSI6MTgwMDAwMDAwMDAwLCJ1cGRhdGUiOjE4MDAwMDAwMDAwMH19",
          "dependencies": [
            "yandex_vpc_network.kafka_network"
          ]
        }
      ]
    }
  ],
  "check_results": [
    {
      "object_kind": "var",
      "config_addr": "var.maintenance_window_day",
      "status": "pass",
      "objects": [
        {
          "object_addr": "var.maintenance_window_day",
          "status": "pass"
        }
      ]
    },
    {
      "object_kind": "var",
      "config_addr": "var.kraft_disk_size",
      "status": "pass",
      "objects": [
        {
          "object_addr": "var.kraft_disk_size",
          "status": "pass"
        }
      ]
    },
    {
      "object_kind": "var",
      "config_addr": "var.kafka_version",
      "status": "pass",
      "objects": [
        {
          "object_addr": "var.kafka_version",
          "status": "pass"
        }
      ]
    },
    {
      "object_kind": "var",
      "config_addr": "var.maintenance_window_hour",
      "status": "pass",
      "objects": [
        {
          "object_addr": "var.maintenance_window_hour",
          "status": "pass"
        }
      ]
    },
    {
      "object_kind": "var",
      "config_addr": "var.disk_size_autoscaling",
      "status": "pass",
      "objects": [
        {
          "object_addr": "var.disk_size_autoscaling",
          "status": "pass"
        }
      ]
    },
    {
      "object_kind": "var",
      "config_addr": "var.kafka_disk_size",
      "status": "pass",
      "objects": [
        {
          "object_addr": "var.kafka_disk_size",
          "status": "pass"
        }
      ]
    },
    {
      "object_kind": "var",
      "config_addr": "var.brokers_count",
      "status": "pass",
      "objects": [
        {
          "object_addr": "var.brokers_count",
          "status": "pass"
        }
      ]
    }
  ]
}
